// !$*UTF8*$!
{
	archiveVersion = 1;
	classes = {
	};
	objectVersion = 46;
	objects = {

/* Begin PBXBuildFile section */
		80C23FD619C3D5C200E41FA1 /* Foundation.framework in Frameworks */ = {isa = PBXBuildFile; fileRef = 80C23FD519C3D5C200E41FA1 /* Foundation.framework */; };
		80C23FD819C3D5C200E41FA1 /* CoreGraphics.framework in Frameworks */ = {isa = PBXBuildFile; fileRef = 80C23FD719C3D5C200E41FA1 /* CoreGraphics.framework */; };
		80C23FDA19C3D5C200E41FA1 /* UIKit.framework in Frameworks */ = {isa = PBXBuildFile; fileRef = 80C23FD919C3D5C200E41FA1 /* UIKit.framework */; };
		80C23FE019C3D5C200E41FA1 /* InfoPlist.strings in Resources */ = {isa = PBXBuildFile; fileRef = 80C23FDE19C3D5C200E41FA1 /* InfoPlist.strings */; };
		80C23FE219C3D5C200E41FA1 /* main.m in Sources */ = {isa = PBXBuildFile; fileRef = 80C23FE119C3D5C200E41FA1 /* main.m */; };
		80C23FE619C3D5C200E41FA1 /* JRAppDelegate.m in Sources */ = {isa = PBXBuildFile; fileRef = 80C23FE519C3D5C200E41FA1 /* JRAppDelegate.m */; };
		80C23FE919C3D5C200E41FA1 /* Main.storyboard in Resources */ = {isa = PBXBuildFile; fileRef = 80C23FE719C3D5C200E41FA1 /* Main.storyboard */; };
		80C23FEC19C3D5C200E41FA1 /* JRViewController.m in Sources */ = {isa = PBXBuildFile; fileRef = 80C23FEB19C3D5C200E41FA1 /* JRViewController.m */; };
		80C23FEE19C3D5C200E41FA1 /* Images.xcassets in Resources */ = {isa = PBXBuildFile; fileRef = 80C23FED19C3D5C200E41FA1 /* Images.xcassets */; };
		80C23FF519C3D5C200E41FA1 /* XCTest.framework in Frameworks */ = {isa = PBXBuildFile; fileRef = 80C23FF419C3D5C200E41FA1 /* XCTest.framework */; };
		80C23FF619C3D5C200E41FA1 /* Foundation.framework in Frameworks */ = {isa = PBXBuildFile; fileRef = 80C23FD519C3D5C200E41FA1 /* Foundation.framework */; };
		80C23FF719C3D5C200E41FA1 /* UIKit.framework in Frameworks */ = {isa = PBXBuildFile; fileRef = 80C23FD919C3D5C200E41FA1 /* UIKit.framework */; };
		80C23FFF19C3D5C200E41FA1 /* InfoPlist.strings in Resources */ = {isa = PBXBuildFile; fileRef = 80C23FFD19C3D5C200E41FA1 /* InfoPlist.strings */; };
		80C2400119C3D5C200E41FA1 /* GameTests.m in Sources */ = {isa = PBXBuildFile; fileRef = 80C2400019C3D5C200E41FA1 /* GameTests.m */; };
/* End PBXBuildFile section */

/* Begin PBXContainerItemProxy section */
		80C23FF819C3D5C200E41FA1 /* PBXContainerItemProxy */ = {
			isa = PBXContainerItemProxy;
			containerPortal = 80C23FCA19C3D5C200E41FA1 /* Project object */;
			proxyType = 1;
			remoteGlobalIDString = 80C23FD119C3D5C200E41FA1;
			remoteInfo = Game;
		};
/* End PBXContainerItemProxy section */

/* Begin PBXFileReference section */
		80C23FD219C3D5C200E41FA1 /* Game.app */ = {isa = PBXFileReference; explicitFileType = wrapper.application; includeInIndex = 0; path = Game.app; sourceTree = BUILT_PRODUCTS_DIR; };
		80C23FD519C3D5C200E41FA1 /* Foundation.framework */ = {isa = PBXFileReference; lastKnownFileType = wrapper.framework; name = Foundation.framework; path = System/Library/Frameworks/Foundation.framework; sourceTree = SDKROOT; };
		80C23FD719C3D5C200E41FA1 /* CoreGraphics.framework */ = {isa = PBXFileReference; lastKnownFileType = wrapper.framework; name = CoreGraphics.framework; path = System/Library/Frameworks/CoreGraphics.framework; sourceTree = SDKROOT; };
		80C23FD919C3D5C200E41FA1 /* UIKit.framework */ = {isa = PBXFileReference; lastKnownFileType = wrapper.framework; name = UIKit.framework; path = System/Library/Frameworks/UIKit.framework; sourceTree = SDKROOT; };
		80C23FDD19C3D5C200E41FA1 /* Game-Info.plist */ = {isa = PBXFileReference; lastKnownFileType = text.plist.xml; path = "Game-Info.plist"; sourceTree = "<group>"; };
		80C23FDF19C3D5C200E41FA1 /* en */ = {isa = PBXFileReference; lastKnownFileType = text.plist.strings; name = en; path = en.lproj/InfoPlist.strings; sourceTree = "<group>"; };
		80C23FE119C3D5C200E41FA1 /* main.m */ = {isa = PBXFileReference; lastKnownFileType = sourcecode.c.objc; path = main.m; sourceTree = "<group>"; };
		80C23FE319C3D5C200E41FA1 /* Game-Prefix.pch */ = {isa = PBXFileReference; lastKnownFileType = sourcecode.c.h; path = "Game-Prefix.pch"; sourceTree = "<group>"; };
		80C23FE419C3D5C200E41FA1 /* JRAppDelegate.h */ = {isa = PBXFileReference; lastKnownFileType = sourcecode.c.h; path = JRAppDelegate.h; sourceTree = "<group>"; };
		80C23FE519C3D5C200E41FA1 /* JRAppDelegate.m */ = {isa = PBXFileReference; lastKnownFileType = sourcecode.c.objc; path = JRAppDelegate.m; sourceTree = "<group>"; };
		80C23FE819C3D5C200E41FA1 /* Base */ = {isa = PBXFileReference; lastKnownFileType = file.storyboard; name = Base; path = Base.lproj/Main.storyboard; sourceTree = "<group>"; };
		80C23FEA19C3D5C200E41FA1 /* JRViewController.h */ = {isa = PBXFileReference; lastKnownFileType = sourcecode.c.h; path = JRViewController.h; sourceTree = "<group>"; };
		80C23FEB19C3D5C200E41FA1 /* JRViewController.m */ = {isa = PBXFileReference; lastKnownFileType = sourcecode.c.objc; path = JRViewController.m; sourceTree = "<group>"; };
		80C23FED19C3D5C200E41FA1 /* Images.xcassets */ = {isa = PBXFileReference; lastKnownFileType = folder.assetcatalog; path = Images.xcassets; sourceTree = "<group>"; };
		80C23FF319C3D5C200E41FA1 /* GameTests.xctest */ = {isa = PBXFileReference; explicitFileType = wrapper.cfbundle; includeInIndex = 0; path = GameTests.xctest; sourceTree = BUILT_PRODUCTS_DIR; };
		80C23FF419C3D5C200E41FA1 /* XCTest.framework */ = {isa = PBXFileReference; lastKnownFileType = wrapper.framework; name = XCTest.framework; path = Library/Frameworks/XCTest.framework; sourceTree = DEVELOPER_DIR; };
		80C23FFC19C3D5C200E41FA1 /* GameTests-Info.plist */ = {isa = PBXFileReference; lastKnownFileType = text.plist.xml; path = "GameTests-Info.plist"; sourceTree = "<group>"; };
		80C23FFE19C3D5C200E41FA1 /* en */ = {isa = PBXFileReference; lastKnownFileType = text.plist.strings; name = en; path = en.lproj/InfoPlist.strings; sourceTree = "<group>"; };
		80C2400019C3D5C200E41FA1 /* GameTests.m */ = {isa = PBXFileReference; lastKnownFileType = sourcecode.c.objc; path = GameTests.m; sourceTree = "<group>"; };
/* End PBXFileReference section */

/* Begin PBXFrameworksBuildPhase section */
		80C23FCF19C3D5C200E41FA1 /* Frameworks */ = {
			isa = PBXFrameworksBuildPhase;
			buildActionMask = 2147483647;
			files = (
				80C23FD819C3D5C200E41FA1 /* CoreGraphics.framework in Frameworks */,
				80C23FDA19C3D5C200E41FA1 /* UIKit.framework in Frameworks */,
				80C23FD619C3D5C200E41FA1 /* Foundation.framework in Frameworks */,
			);
			runOnlyForDeploymentPostprocessing = 0;
		};
		80C23FF019C3D5C200E41FA1 /* Frameworks */ = {
			isa = PBXFrameworksBuildPhase;
			buildActionMask = 2147483647;
			files = (
				80C23FF519C3D5C200E41FA1 /* XCTest.framework in Frameworks */,
				80C23FF719C3D5C200E41FA1 /* UIKit.framework in Frameworks */,
				80C23FF619C3D5C200E41FA1 /* Foundation.framework in Frameworks */,
			);
			runOnlyForDeploymentPostprocessing = 0;
		};
/* End PBXFrameworksBuildPhase section */

/* Begin PBXGroup section */
		80C23FC919C3D5C200E41FA1 = {
			isa = PBXGroup;
			children = (
				80C23FDB19C3D5C200E41FA1 /* Game */,
				80C23FFA19C3D5C200E41FA1 /* GameTests */,
				80C23FD419C3D5C200E41FA1 /* Frameworks */,
				80C23FD319C3D5C200E41FA1 /* Products */,
			);
			sourceTree = "<group>";
		};
		80C23FD319C3D5C200E41FA1 /* Products */ = {
			isa = PBXGroup;
			children = (
				80C23FD219C3D5C200E41FA1 /* Game.app */,
				80C23FF319C3D5C200E41FA1 /* GameTests.xctest */,
			);
			name = Products;
			sourceTree = "<group>";
		};
		80C23FD419C3D5C200E41FA1 /* Frameworks */ = {
			isa = PBXGroup;
			children = (
				80C23FD519C3D5C200E41FA1 /* Foundation.framework */,
				80C23FD719C3D5C200E41FA1 /* CoreGraphics.framework */,
				80C23FD919C3D5C200E41FA1 /* UIKit.framework */,
				80C23FF419C3D5C200E41FA1 /* XCTest.framework */,
			);
			name = Frameworks;
			sourceTree = "<group>";
		};
		80C23FDB19C3D5C200E41FA1 /* Game */ = {
			isa = PBXGroup;
			children = (
				80C23FE419C3D5C200E41FA1 /* JRAppDelegate.h */,
				80C23FE519C3D5C200E41FA1 /* JRAppDelegate.m */,
				80C23FE719C3D5C200E41FA1 /* Main.storyboard */,
				80C23FEA19C3D5C200E41FA1 /* JRViewController.h */,
				80C23FEB19C3D5C200E41FA1 /* JRViewController.m */,
				80C23FED19C3D5C200E41FA1 /* Images.xcassets */,
				80C23FDC19C3D5C200E41FA1 /* Supporting Files */,
			);
			path = Game;
			sourceTree = "<group>";
		};
		80C23FDC19C3D5C200E41FA1 /* Supporting Files */ = {
			isa = PBXGroup;
			children = (
				80C23FDD19C3D5C200E41FA1 /* Game-Info.plist */,
				80C23FDE19C3D5C200E41FA1 /* InfoPlist.strings */,
				80C23FE119C3D5C200E41FA1 /* main.m */,
				80C23FE319C3D5C200E41FA1 /* Game-Prefix.pch */,
			);
			name = "Supporting Files";
			sourceTree = "<group>";
		};
		80C23FFA19C3D5C200E41FA1 /* GameTests */ = {
			isa = PBXGroup;
			children = (
				80C2400019C3D5C200E41FA1 /* GameTests.m */,
				80C23FFB19C3D5C200E41FA1 /* Supporting Files */,
			);
			path = GameTests;
			sourceTree = "<group>";
		};
		80C23FFB19C3D5C200E41FA1 /* Supporting Files */ = {
			isa = PBXGroup;
			children = (
				80C23FFC19C3D5C200E41FA1 /* GameTests-Info.plist */,
				80C23FFD19C3D5C200E41FA1 /* InfoPlist.strings */,
			);
			name = "Supporting Files";
			sourceTree = "<group>";
		};
/* End PBXGroup section */

/* Begin PBXNativeTarget section */
		80C23FD119C3D5C200E41FA1 /* Game */ = {
			isa = PBXNativeTarget;
			buildConfigurationList = 80C2400419C3D5C200E41FA1 /* Build configuration list for PBXNativeTarget "Game" */;
			buildPhases = (
				80C23FCE19C3D5C200E41FA1 /* Sources */,
				80C23FCF19C3D5C200E41FA1 /* Frameworks */,
				80C23FD019C3D5C200E41FA1 /* Resources */,
			);
			buildRules = (
			);
			dependencies = (
			);
			name = Game;
			productName = Game;
			productReference = 80C23FD219C3D5C200E41FA1 /* Game.app */;
			productType = "com.apple.product-type.application";
		};
		80C23FF219C3D5C200E41FA1 /* GameTests */ = {
			isa = PBXNativeTarget;
			buildConfigurationList = 80C2400719C3D5C200E41FA1 /* Build configuration list for PBXNativeTarget "GameTests" */;
			buildPhases = (
				80C23FEF19C3D5C200E41FA1 /* Sources */,
				80C23FF019C3D5C200E41FA1 /* Frameworks */,
				80C23FF119C3D5C200E41FA1 /* Resources */,
			);
			buildRules = (
			);
			dependencies = (
				80C23FF919C3D5C200E41FA1 /* PBXTargetDependency */,
			);
			name = GameTests;
			productName = GameTests;
			productReference = 80C23FF319C3D5C200E41FA1 /* GameTests.xctest */;
			productType = "com.apple.product-type.bundle.unit-test";
		};
/* End PBXNativeTarget section */

/* Begin PBXProject section */
		80C23FCA19C3D5C200E41FA1 /* Project object */ = {
			isa = PBXProject;
			attributes = {
				CLASSPREFIX = JR;
				LastUpgradeCheck = 0510;
				ORGANIZATIONNAME = "Joseph Romano";
				TargetAttributes = {
					80C23FF219C3D5C200E41FA1 = {
						TestTargetID = 80C23FD119C3D5C200E41FA1;
					};
				};
			};
			buildConfigurationList = 80C23FCD19C3D5C200E41FA1 /* Build configuration list for PBXProject "Game" */;
			compatibilityVersion = "Xcode 3.2";
			developmentRegion = English;
			hasScannedForEncodings = 0;
			knownRegions = (
				en,
				Base,
			);
			mainGroup = 80C23FC919C3D5C200E41FA1;
			productRefGroup = 80C23FD319C3D5C200E41FA1 /* Products */;
			projectDirPath = "";
			projectRoot = "";
			targets = (
				80C23FD119C3D5C200E41FA1 /* Game */,
				80C23FF219C3D5C200E41FA1 /* GameTests */,
			);
		};
/* End PBXProject section */

/* Begin PBXResourcesBuildPhase section */
		80C23FD019C3D5C200E41FA1 /* Resources */ = {
			isa = PBXResourcesBuildPhase;
			buildActionMask = 2147483647;
			files = (
				80C23FEE19C3D5C200E41FA1 /* Images.xcassets in Resources */,
				80C23FE019C3D5C200E41FA1 /* InfoPlist.strings in Resources */,
				80C23FE919C3D5C200E41FA1 /* Main.storyboard in Resources */,
			);
			runOnlyForDeploymentPostprocessing = 0;
		};
		80C23FF119C3D5C200E41FA1 /* Resources */ = {
			isa = PBXResourcesBuildPhase;
			buildActionMask = 2147483647;
			files = (
				80C23FFF19C3D5C200E41FA1 /* InfoPlist.strings in Resources */,
			);
			runOnlyForDeploymentPostprocessing = 0;
		};
/* End PBXResourcesBuildPhase section */

/* Begin PBXSourcesBuildPhase section */
		80C23FCE19C3D5C200E41FA1 /* Sources */ = {
			isa = PBXSourcesBuildPhase;
			buildActionMask = 2147483647;
			files = (
				80C23FE619C3D5C200E41FA1 /* JRAppDelegate.m in Sources */,
				80C23FEC19C3D5C200E41FA1 /* JRViewController.m in Sources */,
				80C23FE219C3D5C200E41FA1 /* main.m in Sources */,
			);
			runOnlyForDeploymentPostprocessing = 0;
		};
		80C23FEF19C3D5C200E41FA1 /* Sources */ = {
			isa = PBXSourcesBuildPhase;
			buildActionMask = 2147483647;
			files = (
				80C2400119C3D5C200E41FA1 /* GameTests.m in Sources */,
			);
			runOnlyForDeploymentPostprocessing = 0;
		};
/* End PBXSourcesBuildPhase section */

/* Begin PBXTargetDependency section */
		80C23FF919C3D5C200E41FA1 /* PBXTargetDependency */ = {
			isa = PBXTargetDependency;
			target = 80C23FD119C3D5C200E41FA1 /* Game */;
			targetProxy = 80C23FF819C3D5C200E41FA1 /* PBXContainerItemProxy */;
		};
/* End PBXTargetDependency section */

/* Begin PBXVariantGroup section */
		80C23FDE19C3D5C200E41FA1 /* InfoPlist.strings */ = {
			isa = PBXVariantGroup;
			children = (
				80C23FDF19C3D5C200E41FA1 /* en */,
			);
			name = InfoPlist.strings;
			sourceTree = "<group>";
		};
		80C23FE719C3D5C200E41FA1 /* Main.storyboard */ = {
			isa = PBXVariantGroup;
			children = (
				80C23FE819C3D5C200E41FA1 /* Base */,
			);
			name = Main.storyboard;
			sourceTree = "<group>";
		};
		80C23FFD19C3D5C200E41FA1 /* InfoPlist.strings */ = {
			isa = PBXVariantGroup;
			children = (
				80C23FFE19C3D5C200E41FA1 /* en */,
			);
			name = InfoPlist.strings;
			sourceTree = "<group>";
		};
/* End PBXVariantGroup section */

/* Begin XCBuildConfiguration section */
		80C2400219C3D5C200E41FA1 /* Debug */ = {
			isa = XCBuildConfiguration;
			buildSettings = {
				ALWAYS_SEARCH_USER_PATHS = NO;
				CLANG_CXX_LANGUAGE_STANDARD = "gnu++0x";
				CLANG_CXX_LIBRARY = "libc++";
				CLANG_ENABLE_MODULES = YES;
				CLANG_ENABLE_OBJC_ARC = YES;
				CLANG_WARN_BOOL_CONVERSION = YES;
				CLANG_WARN_CONSTANT_CONVERSION = YES;
				CLANG_WARN_DIRECT_OBJC_ISA_USAGE = YES_ERROR;
				CLANG_WARN_EMPTY_BODY = YES;
				CLANG_WARN_ENUM_CONVERSION = YES;
				CLANG_WARN_INT_CONVERSION = YES;
				CLANG_WARN_OBJC_ROOT_CLASS = YES_ERROR;
				CLANG_WARN__DUPLICATE_METHOD_MATCH = YES;
				"CODE_SIGN_IDENTITY[sdk=iphoneos*]" = "iPhone Developer";
				COPY_PHASE_STRIP = NO;
				GCC_C_LANGUAGE_STANDARD = gnu99;
				GCC_DYNAMIC_NO_PIC = NO;
				GCC_OPTIMIZATION_LEVEL = 0;
				GCC_PREPROCESSOR_DEFINITIONS = (
					"DEBUG=1",
					"$(inherited)",
				);
				GCC_SYMBOLS_PRIVATE_EXTERN = NO;
				GCC_WARN_64_TO_32_BIT_CONVERSION = YES;
				GCC_WARN_ABOUT_RETURN_TYPE = YES_ERROR;
				GCC_WARN_UNDECLARED_SELECTOR = YES;
				GCC_WARN_UNINITIALIZED_AUTOS = YES_AGGRESSIVE;
				GCC_WARN_UNUSED_FUNCTION = YES;
				GCC_WARN_UNUSED_VARIABLE = YES;
				IPHONEOS_DEPLOYMENT_TARGET = 7.1;
				ONLY_ACTIVE_ARCH = YES;
				SDKROOT = iphoneos;
			};
			name = Debug;
		};
		80C2400319C3D5C200E41FA1 /* Release */ = {
			isa = XCBuildConfiguration;
			buildSettings = {
				ALWAYS_SEARCH_USER_PATHS = NO;
				CLANG_CXX_LANGUAGE_STANDARD = "gnu++0x";
				CLANG_CXX_LIBRARY = "libc++";
				CLANG_ENABLE_MODULES = YES;
				CLANG_ENABLE_OBJC_ARC = YES;
				CLANG_WARN_BOOL_CONVERSION = YES;
				CLANG_WARN_CONSTANT_CONVERSION = YES;
				CLANG_WARN_DIRECT_OBJC_ISA_USAGE = YES_ERROR;
				CLANG_WARN_EMPTY_BODY = YES;
				CLANG_WARN_ENUM_CONVERSION = YES;
				CLANG_WARN_INT_CONVERSION = YES;
				CLANG_WARN_OBJC_ROOT_CLASS = YES_ERROR;
				CLANG_WARN__DUPLICATE_METHOD_MATCH = YES;
				"CODE_SIGN_IDENTITY[sdk=iphoneos*]" = "iPhone Developer";
				COPY_PHASE_STRIP = YES;
				ENABLE_NS_ASSERTIONS = NO;
				GCC_C_LANGUAGE_STANDARD = gnu99;
				GCC_WARN_64_TO_32_BIT_CONVERSION = YES;
				GCC_WARN_ABOUT_RETURN_TYPE = YES_ERROR;
				GCC_WARN_UNDECLARED_SELECTOR = YES;
				GCC_WARN_UNINITIALIZED_AUTOS = YES_AGGRESSIVE;
				GCC_WARN_UNUSED_FUNCTION = YES;
				GCC_WARN_UNUSED_VARIABLE = YES;
				IPHONEOS_DEPLOYMENT_TARGET = 7.1;
				SDKROOT = iphoneos;
				VALIDATE_PRODUCT = YES;
			};
			name = Release;
		};
		80C2400519C3D5C200E41FA1 /* Debug */ = {
			isa = XCBuildConfiguration;
			buildSettings = {
				ASSETCATALOG_COMPILER_APPICON_NAME = AppIcon;
				ASSETCATALOG_COMPILER_LAUNCHIMAGE_NAME = LaunchImage;
				GCC_PRECOMPILE_PREFIX_HEADER = YES;
				GCC_PREFIX_HEADER = "Game/Game-Prefix.pch";
				INFOPLIST_FILE = "Game/Game-Info.plist";
				PRODUCT_NAME = "$(TARGET_NAME)";
				WRAPPER_EXTENSION = app;
			};
			name = Debug;
		};
		80C2400619C3D5C200E41FA1 /* Release */ = {
			isa = XCBuildConfiguration;
			buildSettings = {
				ASSETCATALOG_COMPILER_APPICON_NAME = AppIcon;
				ASSETCATALOG_COMPILER_LAUNCHIMAGE_NAME = LaunchImage;
				GCC_PRECOMPILE_PREFIX_HEADER = YES;
				GCC_PREFIX_HEADER = "Game/Game-Prefix.pch";
				INFOPLIST_FILE = "Game/Game-Info.plist";
				PRODUCT_NAME = "$(TARGET_NAME)";
				WRAPPER_EXTENSION = app;
			};
			name = Release;
		};
		80C2400819C3D5C200E41FA1 /* Debug */ = {
			isa = XCBuildConfiguration;
			buildSettings = {
				BUNDLE_LOADER = "$(BUILT_PRODUCTS_DIR)/Game.app/Game";
				FRAMEWORK_SEARCH_PATHS = (
					"$(SDKROOT)/Developer/Library/Frameworks",
					"$(inherited)",
					"$(DEVELOPER_FRAMEWORKS_DIR)",
				);
				GCC_PRECOMPILE_PREFIX_HEADER = YES;
				GCC_PREFIX_HEADER = "Game/Game-Prefix.pch";
				GCC_PREPROCESSOR_DEFINITIONS = (
					"DEBUG=1",
					"$(inherited)",
				);
				INFOPLIST_FILE = "GameTests/GameTests-Info.plist";
				PRODUCT_NAME = "$(TARGET_NAME)";
				TEST_HOST = "$(BUNDLE_LOADER)";
				WRAPPER_EXTENSION = xctest;
			};
			name = Debug;
		};
		80C2400919C3D5C200E41FA1 /* Release */ = {
			isa = XCBuildConfiguration;
			buildSettings = {
				BUNDLE_LOADER = "$(BUILT_PRODUCTS_DIR)/Game.app/Game";
				FRAMEWORK_SEARCH_PATHS = (
					"$(SDKROOT)/Developer/Library/Frameworks",
					"$(inherited)",
					"$(DEVELOPER_FRAMEWORKS_DIR)",
				);
				GCC_PRECOMPILE_PREFIX_HEADER = YES;
				GCC_PREFIX_HEADER = "Game/Game-Prefix.pch";
				INFOPLIST_FILE = "GameTests/GameTests-Info.plist";
				PRODUCT_NAME = "$(TARGET_NAME)";
				TEST_HOST = "$(BUNDLE_LOADER)";
				WRAPPER_EXTENSION = xctest;
			};
			name = Release;
		};
/* End XCBuildConfiguration section */

/* Begin XCConfigurationList section */
		80C23FCD19C3D5C200E41FA1 /* Build configuration list for PBXProject "Game" */ = {
			isa = XCConfigurationList;
			buildConfigurations = (
				80C2400219C3D5C200E41FA1 /* Debug */,
				80C2400319C3D5C200E41FA1 /* Release */,
			);
			defaultConfigurationIsVisible = 0;
			defaultConfigurationName = Release;
		};
		80C2400419C3D5C200E41FA1 /* Build configuration list for PBXNativeTarget "Game" */ = {
			isa = XCConfigurationList;
			buildConfigurations = (
				80C2400519C3D5C200E41FA1 /* Debug */,
				80C2400619C3D5C200E41FA1 /* Release */,
			);
			defaultConfigurationIsVisible = 0;
		};
		80C2400719C3D5C200E41FA1 /* Build configuration list for PBXNativeTarget "GameTests" */ = {
			isa = XCConfigurationList;
			buildConfigurations = (
				80C2400819C3D5C200E41FA1 /* Debug */,
				80C2400919C3D5C200E41FA1 /* Release */,
			);
			defaultConfigurationIsVisible = 0;
		};
/* End XCConfigurationList section */
	};
	rootObject = 80C23FCA19C3D5C200E41FA1 /* Project object */;
}
